
Microsoft Visual Studio Solution File, Format Version 12.00
# Visual Studio Version 17
VisualStudioVersion = 17.8.34322.80
MinimumVisualStudioVersion = 10.0.40219.1
Project("{9A19103F-16F7-4668-BE54-9A1E7A4F7556}") = "NoterApi", "ToDoPlanner\NoterApi.csproj", "{EF86E4A6-D410-4C4C-BB3D-7667A7144A93}"
EndProject
Project("{9A19103F-16F7-4668-BE54-9A1E7A4F7556}") = "Core", "Core\Core.csproj", "{2A536023-B221-48EC-9932-5452B43536A4}"
EndProject
Project("{9A19103F-16F7-4668-BE54-9A1E7A4F7556}") = "Repository", "Repository\Repository.csproj", "{EC08B943-53B1-4C23-BABE-28C7E68E307F}"
EndProject
Project("{9A19103F-16F7-4668-BE54-9A1E7A4F7556}") = "Service", "Service\Service.csproj", "{77FD4BC6-7A68-4621-A55D-AC3AE05FDDC6}"
EndProject
Global
	GlobalSection(SolutionConfigurationPlatforms) = preSolution
		Debug|Any CPU = Debug|Any CPU
		Release|Any CPU = Release|Any CPU
	EndGlobalSection
	GlobalSection(ProjectConfigurationPlatforms) = postSolution
		{EF86E4A6-D410-4C4C-BB3D-7667A7144A93}.Debug|Any CPU.ActiveCfg = Debug|Any CPU
		{EF86E4A6-D410-4C4C-BB3D-7667A7144A93}.Debug|Any CPU.Build.0 = Debug|Any CPU
		{EF86E4A6-D410-4C4C-BB3D-7667A7144A93}.Release|Any CPU.ActiveCfg = Release|Any CPU
		{EF86E4A6-D410-4C4C-BB3D-7667A7144A93}.Release|Any CPU.Build.0 = Release|Any CPU
		{2A536023-B221-48EC-9932-5452B43536A4}.Debug|Any CPU.ActiveCfg = Debug|Any CPU
		{2A536023-B221-48EC-9932-5452B43536A4}.Debug|Any CPU.Build.0 = Debug|Any CPU
		{2A536023-B221-48EC-9932-5452B43536A4}.Release|Any CPU.ActiveCfg = Release|Any CPU
		{2A536023-B221-48EC-9932-5452B43536A4}.Release|Any CPU.Build.0 = Release|Any CPU
		{EC08B943-53B1-4C23-BABE-28C7E68E307F}.Debug|Any CPU.ActiveCfg = Debug|Any CPU
		{EC08B943-53B1-4C23-BABE-28C7E68E307F}.Debug|Any CPU.Build.0 = Debug|Any CPU
		{EC08B943-53B1-4C23-BABE-28C7E68E307F}.Release|Any CPU.ActiveCfg = Release|Any CPU
		{EC08B943-53B1-4C23-BABE-28C7E68E307F}.Release|Any CPU.Build.0 = Release|Any CPU
		{77FD4BC6-7A68-4621-A55D-AC3AE05FDDC6}.Debug|Any CPU.ActiveCfg = Debug|Any CPU
		{77FD4BC6-7A68-4621-A55D-AC3AE05FDDC6}.Debug|Any CPU.Build.0 = Debug|Any CPU
		{77FD4BC6-7A68-4621-A55D-AC3AE05FDDC6}.Release|Any CPU.ActiveCfg = Release|Any CPU
		{77FD4BC6-7A68-4621-A55D-AC3AE05FDDC6}.Release|Any CPU.Build.0 = Release|Any CPU
	EndGlobalSection
	GlobalSection(SolutionProperties) = preSolution
		HideSolutionNode = FALSE
	EndGlobalSection
	GlobalSection(ExtensibilityGlobals) = postSolution
		SolutionGuid = {0CA9E53E-5FE2-413B-9ADD-5B33450BA61F}
	EndGlobalSection
EndGlobal
